
Microsoft Visual Studio Solution File, Format Version 12.00
# Visual Studio Version 16
VisualStudioVersion = 16.0.30114.105
MinimumVisualStudioVersion = 10.0.40219.1
Project("{2150E333-8FDC-42A3-9474-1A3956D46DE8}") = "1 - Presentation", "1 - Presentation", "{238201C1-20B7-42AB-B8BF-3D8BDBDC9B27}"
EndProject
Project("{2150E333-8FDC-42A3-9474-1A3956D46DE8}") = "2 - Services", "2 - Services", "{E867D087-E08A-4A63-94CD-0692686D2EE5}"
EndProject
Project("{2150E333-8FDC-42A3-9474-1A3956D46DE8}") = "3 - Application", "3 - Application", "{8407D41B-8BC9-44DB-A178-B5B369C2A5CA}"
EndProject
Project("{2150E333-8FDC-42A3-9474-1A3956D46DE8}") = "4 - Domain", "4 - Domain", "{2CB300B5-6A6E-427C-A1F7-34EB6961DD03}"
EndProject
Project("{2150E333-8FDC-42A3-9474-1A3956D46DE8}") = "5 - Infra", "5 - Infra", "{A3821D7C-0299-4457-BB9A-D6367D9AB67B}"
EndProject
Project("{9A19103F-16F7-4668-BE54-9A1E7A4F7556}") = "MicroServiceCQRS.Services.Api", "MicroServiceCQRS.Services.Api\MicroServiceCQRS.Services.Api.csproj", "{6D031ABA-D7FF-4549-8865-EF79E17030EC}"
EndProject
Project("{9A19103F-16F7-4668-BE54-9A1E7A4F7556}") = "MicroServiceCQRS.Application", "MicroServiceCQRS.Application\MicroServiceCQRS.Application.csproj", "{6343F952-DBA4-4B6B-B567-DF65D699B497}"
EndProject
Project("{9A19103F-16F7-4668-BE54-9A1E7A4F7556}") = "MicroServiceCQRS.Domain", "MicroServiceCQRS.Domain\MicroServiceCQRS.Domain.csproj", "{AE8E5772-A2B3-427A-9645-4737BB262D46}"
EndProject
Project("{2150E333-8FDC-42A3-9474-1A3956D46DE8}") = "5.1 - Data", "5.1 - Data", "{C27D2FA5-0075-4ED9-A3D8-A75C0DB2876C}"
EndProject
Project("{2150E333-8FDC-42A3-9474-1A3956D46DE8}") = "5.2 - CrossCutting", "5.2 - CrossCutting", "{02E2A9D2-A4F3-4F11-9C29-0A7558943EA4}"
EndProject
Project("{9A19103F-16F7-4668-BE54-9A1E7A4F7556}") = "MicroServiceCQRS.Infra.Data", "MicroServiceCQRS.Infra.Data\MicroServiceCQRS.Infra.Data.csproj", "{FB3B9C62-4F31-4C80-AFC1-3C816F641180}"
EndProject
Project("{9A19103F-16F7-4668-BE54-9A1E7A4F7556}") = "MicroServiceCQRS.CrossCutting.IoC", "MicroServiceCQRS.CrossCutting.IoC\MicroServiceCQRS.CrossCutting.IoC.csproj", "{D0372CAA-DA29-4320-A171-7CE8BE377827}"
EndProject
Project("{FAE04EC0-301F-11D3-BF4B-00C04F79EFBC}") = "MicroServiceCQRS.CrossCutting.Bus", "MicroServiceCQRS.CrossCutting.Bus\MicroServiceCQRS.CrossCutting.Bus.csproj", "{87FDE7AD-199E-4466-A70C-DEE832D9E3D2}"
EndProject
Project("{FAE04EC0-301F-11D3-BF4B-00C04F79EFBC}") = "MicroServiceCQRS.CrossCutting.Utils", "MicroServiceCQRS.CrossCutting.Utils\MicroServiceCQRS.CrossCutting.Utils.csproj", "{A735DB16-231D-432C-9006-6FBEF75A6927}"
EndProject
Global
	GlobalSection(SolutionConfigurationPlatforms) = preSolution
		Debug|Any CPU = Debug|Any CPU
		Release|Any CPU = Release|Any CPU
	EndGlobalSection
	GlobalSection(ProjectConfigurationPlatforms) = postSolution
		{6D031ABA-D7FF-4549-8865-EF79E17030EC}.Debug|Any CPU.ActiveCfg = Debug|Any CPU
		{6D031ABA-D7FF-4549-8865-EF79E17030EC}.Debug|Any CPU.Build.0 = Debug|Any CPU
		{6D031ABA-D7FF-4549-8865-EF79E17030EC}.Release|Any CPU.ActiveCfg = Release|Any CPU
		{6D031ABA-D7FF-4549-8865-EF79E17030EC}.Release|Any CPU.Build.0 = Release|Any CPU
		{6343F952-DBA4-4B6B-B567-DF65D699B497}.Debug|Any CPU.ActiveCfg = Debug|Any CPU
		{6343F952-DBA4-4B6B-B567-DF65D699B497}.Debug|Any CPU.Build.0 = Debug|Any CPU
		{6343F952-DBA4-4B6B-B567-DF65D699B497}.Release|Any CPU.ActiveCfg = Release|Any CPU
		{6343F952-DBA4-4B6B-B567-DF65D699B497}.Release|Any CPU.Build.0 = Release|Any CPU
		{AE8E5772-A2B3-427A-9645-4737BB262D46}.Debug|Any CPU.ActiveCfg = Debug|Any CPU
		{AE8E5772-A2B3-427A-9645-4737BB262D46}.Debug|Any CPU.Build.0 = Debug|Any CPU
		{AE8E5772-A2B3-427A-9645-4737BB262D46}.Release|Any CPU.ActiveCfg = Release|Any CPU
		{AE8E5772-A2B3-427A-9645-4737BB262D46}.Release|Any CPU.Build.0 = Release|Any CPU
		{FB3B9C62-4F31-4C80-AFC1-3C816F641180}.Debug|Any CPU.ActiveCfg = Debug|Any CPU
		{FB3B9C62-4F31-4C80-AFC1-3C816F641180}.Debug|Any CPU.Build.0 = Debug|Any CPU
		{FB3B9C62-4F31-4C80-AFC1-3C816F641180}.Release|Any CPU.ActiveCfg = Release|Any CPU
		{FB3B9C62-4F31-4C80-AFC1-3C816F641180}.Release|Any CPU.Build.0 = Release|Any CPU
		{D0372CAA-DA29-4320-A171-7CE8BE377827}.Debug|Any CPU.ActiveCfg = Debug|Any CPU
		{D0372CAA-DA29-4320-A171-7CE8BE377827}.Debug|Any CPU.Build.0 = Debug|Any CPU
		{D0372CAA-DA29-4320-A171-7CE8BE377827}.Release|Any CPU.ActiveCfg = Release|Any CPU
		{D0372CAA-DA29-4320-A171-7CE8BE377827}.Release|Any CPU.Build.0 = Release|Any CPU
		{87FDE7AD-199E-4466-A70C-DEE832D9E3D2}.Debug|Any CPU.ActiveCfg = Debug|Any CPU
		{87FDE7AD-199E-4466-A70C-DEE832D9E3D2}.Debug|Any CPU.Build.0 = Debug|Any CPU
		{87FDE7AD-199E-4466-A70C-DEE832D9E3D2}.Release|Any CPU.ActiveCfg = Release|Any CPU
		{87FDE7AD-199E-4466-A70C-DEE832D9E3D2}.Release|Any CPU.Build.0 = Release|Any CPU
		{A735DB16-231D-432C-9006-6FBEF75A6927}.Debug|Any CPU.ActiveCfg = Debug|Any CPU
		{A735DB16-231D-432C-9006-6FBEF75A6927}.Debug|Any CPU.Build.0 = Debug|Any CPU
		{A735DB16-231D-432C-9006-6FBEF75A6927}.Release|Any CPU.ActiveCfg = Release|Any CPU
		{A735DB16-231D-432C-9006-6FBEF75A6927}.Release|Any CPU.Build.0 = Release|Any CPU
	EndGlobalSection
	GlobalSection(SolutionProperties) = preSolution
		HideSolutionNode = FALSE
	EndGlobalSection
	GlobalSection(NestedProjects) = preSolution
		{6D031ABA-D7FF-4549-8865-EF79E17030EC} = {E867D087-E08A-4A63-94CD-0692686D2EE5}
		{6343F952-DBA4-4B6B-B567-DF65D699B497} = {8407D41B-8BC9-44DB-A178-B5B369C2A5CA}
		{AE8E5772-A2B3-427A-9645-4737BB262D46} = {2CB300B5-6A6E-427C-A1F7-34EB6961DD03}
		{C27D2FA5-0075-4ED9-A3D8-A75C0DB2876C} = {A3821D7C-0299-4457-BB9A-D6367D9AB67B}
		{02E2A9D2-A4F3-4F11-9C29-0A7558943EA4} = {A3821D7C-0299-4457-BB9A-D6367D9AB67B}
		{FB3B9C62-4F31-4C80-AFC1-3C816F641180} = {C27D2FA5-0075-4ED9-A3D8-A75C0DB2876C}
		{D0372CAA-DA29-4320-A171-7CE8BE377827} = {02E2A9D2-A4F3-4F11-9C29-0A7558943EA4}
		{87FDE7AD-199E-4466-A70C-DEE832D9E3D2} = {02E2A9D2-A4F3-4F11-9C29-0A7558943EA4}
		{A735DB16-231D-432C-9006-6FBEF75A6927} = {02E2A9D2-A4F3-4F11-9C29-0A7558943EA4}
	EndGlobalSection
	GlobalSection(ExtensibilityGlobals) = postSolution
		SolutionGuid = {E96F2469-C4AA-4B65-8FE1-C6F98A173E97}
	EndGlobalSection
EndGlobal
